PODS:
  - "!ProtoCompiler (3.5.0)":
    - Protobuf (~> 3.0)
  - "!ProtoCompiler-gRPCPlugin (1.11.0)":
    - "!ProtoCompiler (= 3.5.0)"
    - gRPC-ProtoRPC (= 1.11.0)
  - Alamofire (4.7.2)
  - APIKit (3.2.1):
    - Result (~> 3.0)
  - BigInt (3.0.1):
    - SipHash (~> 1.2)
  - BoringSSL (10.0.2):
    - BoringSSL/Implementation (= 10.0.2)
    - BoringSSL/Interface (= 10.0.2)
  - BoringSSL/Implementation (10.0.2):
    - BoringSSL/Interface (= 10.0.2)
  - BoringSSL/Interface (10.0.2)
  - Branch (0.24.2):
    - Branch/Core (= 0.24.2)
  - Branch/Core (0.24.2)
  - Bugly (2.5.0)
  - Crashlytics (3.10.1):
    - Fabric (~> 1.7.5)
  - CryptoSwift (0.8.0)
  - DZNEmptyDataSet (1.8.1)
  - Eureka (4.1.1)
  - Fabric (1.7.6)
  - Firebase/Core (4.13.0):
    - FirebaseAnalytics (= 4.2.0)
    - FirebaseCore (= 4.0.20)
  - Firebase/RemoteConfig (4.13.0):
    - Firebase/Core
    - FirebaseRemoteConfig (= 2.1.3)
  - FirebaseABTesting (1.0.0):
    - FirebaseCore (~> 4.0)
    - Protobuf (~> 3.1)
  - FirebaseAnalytics (4.2.0):
    - FirebaseCore (~> 4.0)
    - FirebaseInstanceID (~> 2.0)
    - "GoogleToolboxForMac/NSData+zlib (~> 2.1)"
    - nanopb (~> 0.3)
  - FirebaseCore (4.0.20):
    - "GoogleToolboxForMac/NSData+zlib (~> 2.1)"
  - FirebaseInstanceID (2.0.10):
    - FirebaseCore (~> 4.0)
  - FirebaseRemoteConfig (2.1.3):
    - FirebaseABTesting (~> 1.0)
    - FirebaseAnalytics (~> 4.1)
    - FirebaseCore (~> 4.0)
    - FirebaseInstanceID (~> 2.0)
    - "GoogleToolboxForMac/NSData+zlib (~> 2.1)"
    - Protobuf (~> 3.5)
  - GoogleToolboxForMac/Defines (2.1.4)
  - "GoogleToolboxForMac/NSData+zlib (2.1.4)":
    - GoogleToolboxForMac/Defines (= 2.1.4)
  - gRPC (1.11.0):
    - gRPC-RxLibrary (= 1.11.0)
    - gRPC/Main (= 1.11.0)
  - gRPC-Core (1.11.0):
    - gRPC-Core/Implementation (= 1.11.0)
    - gRPC-Core/Interface (= 1.11.0)
  - gRPC-Core/Implementation (1.11.0):
    - BoringSSL (~> 10.0)
    - gRPC-Core/Interface (= 1.11.0)
    - nanopb (~> 0.3)
  - gRPC-Core/Interface (1.11.0)
  - gRPC-ProtoRPC (1.11.0):
    - gRPC (= 1.11.0)
    - gRPC-RxLibrary (= 1.11.0)
    - Protobuf (~> 3.0)
  - gRPC-RxLibrary (1.11.0)
  - gRPC/Main (1.11.0):
    - gRPC-Core (= 1.11.0)
    - gRPC-RxLibrary (= 1.11.0)
  - HMSegmentedControl (1.5.4)
  - IQKeyboardManagerSwift (6.0.2)
  - JdenticonSwift (0.0.1)
  - JSONRPCKit (3.0.0):
    - Result (~> 3.2.0)
  - KeychainSwift (11.0.0)
  - Kingfisher (4.7.0)
  - Lokalise (0.8.1)
  - MBProgressHUD (1.1.0)
  - MJRefresh (3.1.15.3)
  - Moya (10.0.2):
    - Moya/Core (= 10.0.2)
  - Moya/Core (10.0.2):
    - Alamofire (~> 4.1)
    - Result (~> 3.0)
  - Moya/RxSwift (10.0.2):
    - Moya/Core
    - RxSwift (~> 4.0)
  - nanopb (0.3.8):
    - nanopb/decode (= 0.3.8)
    - nanopb/encode (= 0.3.8)
  - nanopb/decode (0.3.8)
  - nanopb/encode (0.3.8)
  - ObjectMapper (3.3.0)
  - pop (1.0.10)
  - PromiseKit (6.2.5):
    - PromiseKit/CorePromise (= 6.2.5)
    - PromiseKit/Foundation (= 6.2.5)
    - PromiseKit/UIKit (= 6.2.5)
  - PromiseKit/CorePromise (6.2.5)
  - PromiseKit/Foundation (6.2.5):
    - PromiseKit/CorePromise
  - PromiseKit/UIKit (6.2.5):
    - PromiseKit/CorePromise
  - Protobuf (3.5.0)
  - QRCodeReaderViewController (4.0.2)
  - R.swift (4.0.0):
    - R.swift.Library (~> 4.0.0)
  - R.swift.Library (4.0.0)
  - Realm (3.7.5):
    - Realm/Headers (= 3.7.5)
  - Realm/Headers (3.7.5)
  - RealmSwift (3.7.5):
    - Realm (= 3.7.5)
  - Result (3.2.4)
  - Reveal-SDK (16)
  - Ruler (2.2.0)
  - RxCocoa (4.1.2):
    - RxSwift (~> 4.0)
  - RxGesture (1.2.1):
    - RxCocoa (~> 4.0)
    - RxSwift (~> 4.0)
  - RxSwift (4.1.2)
  - SAMKeychain (1.5.3)
  - SeedStackViewController (0.4.0)
  - SipHash (1.2.0)
  - SnapKit (4.0.0)
  - StatefulViewController (3.0)
  - SwiftLint (0.25.1)
  - SwipeCellKit (2.2.0)
  - TrezorCrypto (0.0.5)
  - TrustCore (0.0.6):
    - BigInt
    - TrezorCrypto
  - TrustKeystore (0.4.0):
    - BigInt
    - CryptoSwift
    - TrezorCrypto
    - TrustCore
  - TrustWeb3Provider (0.1.7)
  - "UITableView+FDTemplateLayoutCell (1.6)"
  - URLNavigator (2.0.5)

DEPENDENCIES:
  - "!ProtoCompiler"
  - "!ProtoCompiler-gRPCPlugin"
  - APIKit
  - BigInt (~> 3.0)
  - Branch
  - Bugly
  - Crashlytics (~> 3.10)
  - CryptoSwift (= 0.8.0)
  - DZNEmptyDataSet
  - Eureka (~> 4.1.1)
  - Fabric
  - Firebase/Core
  - Firebase/RemoteConfig
  - gRPC
  - gRPC-Core
  - gRPC-ProtoRPC
  - gRPC-RxLibrary
  - HMSegmentedControl
  - IQKeyboardManagerSwift
  - JdenticonSwift
  - JSONRPCKit (from `https://github.com/bricklife/JSONRPCKit.git`)
  - KeychainSwift
  - Kingfisher (~> 4.0)
  - Lokalise
  - MBProgressHUD
  - MJRefresh
  - Moya
  - Moya/RxSwift
  - ObjectMapper
  - pop
  - PromiseKit (~> 6.0)
  - Protobuf
  - QRCodeReaderViewController (from `https://github.com/yannickl/QRCodeReaderViewController.git`, branch `master`)
  - R.swift
  - RealmSwift (~> 3.7.4)
  - Reveal-SDK
  - Ruler
  - RxCocoa
  - RxGesture
  - RxSwift
  - SAMKeychain
  - SeedStackViewController
  - SnapKit
  - StatefulViewController
  - SwiftLint
  - SwipeCellKit
  - TrustCore (~> 0.0.6)
  - TrustKeystore (~> 0.4.0)
  - TrustWeb3Provider (from `https://github.com/TrustWallet/trust-web3-provider`, branch `master`)
  - "UITableView+FDTemplateLayoutCell"
  - URLNavigator

SPEC REPOS:
  https://github.com/cocoapods/specs.git:
    - "!ProtoCompiler"
    - "!ProtoCompiler-gRPCPlugin"
    - Alamofire
    - APIKit
    - BigInt
    - BoringSSL
    - Branch
    - Bugly
    - Crashlytics
    - CryptoSwift
    - DZNEmptyDataSet
    - Eureka
    - Fabric
    - Firebase
    - FirebaseABTesting
    - FirebaseAnalytics
    - FirebaseCore
    - FirebaseInstanceID
    - FirebaseRemoteConfig
    - GoogleToolboxForMac
    - gRPC
    - gRPC-Core
    - gRPC-ProtoRPC
    - gRPC-RxLibrary
    - HMSegmentedControl
    - IQKeyboardManagerSwift
    - JdenticonSwift
    - KeychainSwift
    - Kingfisher
    - Lokalise
    - MBProgressHUD
    - MJRefresh
    - Moya
    - nanopb
    - ObjectMapper
    - pop
    - PromiseKit
    - Protobuf
    - R.swift
    - R.swift.Library
    - Realm
    - RealmSwift
    - Result
    - Reveal-SDK
    - Ruler
    - RxCocoa
    - RxGesture
    - RxSwift
    - SAMKeychain
    - SeedStackViewController
    - SipHash
    - SnapKit
    - StatefulViewController
    - SwiftLint
    - SwipeCellKit
    - TrezorCrypto
    - TrustCore
    - TrustKeystore
    - "UITableView+FDTemplateLayoutCell"
    - URLNavigator

EXTERNAL SOURCES:
  JSONRPCKit:
    :git: https://github.com/bricklife/JSONRPCKit.git
  QRCodeReaderViewController:
    :branch: master
    :git: https://github.com/yannickl/QRCodeReaderViewController.git
  TrustWeb3Provider:
    :branch: master
    :git: https://github.com/TrustWallet/trust-web3-provider

CHECKOUT OPTIONS:
  JSONRPCKit:
    :commit: e1ae67de59067ebb677ad0024b3dc6789f31f193
    :git: https://github.com/bricklife/JSONRPCKit.git
  QRCodeReaderViewController:
    :commit: 80bd79cbeede842949b229f81bc6328f53701c5a
    :git: https://github.com/yannickl/QRCodeReaderViewController.git
  TrustWeb3Provider:
    :commit: f4e0ebb1b8fa4812637babe85ef975d116543dfd
    :git: https://github.com/TrustWallet/trust-web3-provider

SPEC CHECKSUMS:
  "!ProtoCompiler": 3e9dc8340c8f1bbab40aa0f5acb965a4be02f849
  "!ProtoCompiler-gRPCPlugin": 9dbdad3fef62063c7672b7b3de1a424937607dcd
  Alamofire: e4fa87002c137ba2d8d634d2c51fabcda0d5c223
  APIKit: a39ff72ac44efc15513fd1b98800f63c525be61b
  BigInt: 8e8a52161c745cd3ab78e3dc346a9fbee51e6cf6
  BoringSSL: 60dd24df4af296bf41d78e5841dbb95d75f88c0d
  Branch: 0d98d22745a9b68bcb4fa6dc1c6a92b64d4fdd7b
  Bugly: 3ca9f255c01025582df26f9222893b383c7e4b4e
  Crashlytics: aee1a064cbbf99b32efa3f056a5f458d846bc8ff
  CryptoSwift: f81907430ebbe38b8404b4f6fb40f3c576a8755f
  DZNEmptyDataSet: 9525833b9e68ac21c30253e1d3d7076cc828eaa7
  Eureka: b88fb930e42c79f8c03c373d0fcdc28c1d6c50ed
  Fabric: f8d42c893bb187326a7968b62abe55c36a987a46
  Firebase: 5ec5e863d269d82d66b4bf56856726f8fb8f0fb3
  FirebaseABTesting: d07d0ee833b842d5153549e4c7e2e2cb1c23a3f9
  FirebaseAnalytics: 7ef69e76a5142f643aeb47c780e1cdce4e23632e
  FirebaseCore: 90cb1c53d69b556f112a1bf72b5fcfaad7650790
  FirebaseInstanceID: 8d20d890d65c917f9f7d9950b6e10a760ad34321
  FirebaseRemoteConfig: 3e95fb7c072308492e85fa41d59d38b3d6fd2372
  GoogleToolboxForMac: 91c824d21e85b31c2aae9bb011c5027c9b4e738f
  gRPC: 70703dc9ba31c72341fc7f37745cc1c379edee96
  gRPC-Core: 164639cd8ae18ca8b65477fafb2efbaecf4f181a
  gRPC-ProtoRPC: bb5fddf3424aa4fad74d76736578a79fe40e244e
  gRPC-RxLibrary: 26d53d1b1f306befd4ad4e15bd6de27839a82481
  HMSegmentedControl: b25bc4ec44766e073d62c473188fb354ee244b76
  IQKeyboardManagerSwift: 59d4b0e140bc546c3c76ae5bb35b3dafd10b8172
  JdenticonSwift: bc532f2761566eb29f26b085e5f72de25bc065ce
  JSONRPCKit: 35aecfdf923a8e2053cef8e46d68ed3da66296c8
  KeychainSwift: bea6bd9f98af7b8d7ca4aa79fe105c00fab532db
  Kingfisher: da6b005aa96d37698e3e4f1ccfe96a5b9bbf27d6
  Lokalise: d81f4ccce8cd2c1589bf73bb39fab7781d4f7cbc
  MBProgressHUD: e7baa36a220447d8aeb12769bf0585582f3866d9
  MJRefresh: b48380ae2b927b46c4ef000de9adb8dc748e1df7
  Moya: 2b0531a9fef318e0bc484030c3db1e6f279ccb66
  nanopb: 5601e6bca2dbf1ed831b519092ec110f66982ca3
  ObjectMapper: b612bf8c8e99c4dc0bb6013a51f7c27966ed5da9
  pop: 82ca6b068ce9278fd350fd9dd09482a0ce9492e6
  PromiseKit: a26828b0a8d5874960dfdb575b57a70790ec36f1
  Protobuf: 8a9838fba8dae3389230e1b7f8c104aa32389c03
  QRCodeReaderViewController: e8f27d035b3e72b1d4b1c61ff66458287e3be0ff
  R.swift: d6a5ec2f55a8441dc0ed9f1f8b37d7d11ae85c66
  R.swift.Library: c3af34921024333546e23b70e70d0b4e0cffca75
  Realm: c286caf4dbf346ce24aad49ca76c7ce622d4a082
  RealmSwift: 2a9281e37d6de55f66f76254d49d28aeb1b729e4
  Result: d2d07204ce72856f1fd9130bbe42c35a7b0fea10
  Reveal-SDK: ed36bdbb3cbf90b94ae5da0dbcb3c7ae6738c51f
  Ruler: 624e0f82bfdf24c15fb0da45fbcc170ec7a4dbff
  RxCocoa: d88ba0f1f6abf040011a9eb4b539324fc426843a
  RxGesture: c278eb05b187abd47e11e65464ae4de53ab71d95
  RxSwift: e49536837d9901277638493ea537394d4b55f570
  SAMKeychain: 483e1c9f32984d50ca961e26818a534283b4cd5c
  SeedStackViewController: 45e88ca1493a610e74d661d3feced7098f72dbd3
  SipHash: c6e9e43e9c531b5bc6602545130c26194a6d31ce
  SnapKit: a42d492c16e80209130a3379f73596c3454b7694
  StatefulViewController: 4803bf900d44de26074344998e10e041113b5931
  SwiftLint: ce933681be10c3266e82576dad676fa815a602e9
  SwipeCellKit: 8ae09401e1137566b187980d824310129233c959
  TrezorCrypto: ecef681446bf02af6248d3b5e394026d7e766e56
  TrustCore: 231439190d1941dc4e945c51c55c5effa8e7b9b4
  TrustKeystore: 1bd016c67de7314e84b79dba2c22ef64b86bb63e
  TrustWeb3Provider: 50fa391bdf170feb43dd4419992931510a5751d8
  "UITableView+FDTemplateLayoutCell": 5c949b4a5059c404b442926c0e80f81d10a2d66f
  URLNavigator: b7bdd352cc07f4f745547807a3ca2a82980a6cea

PODFILE CHECKSUM: bc53beb3a7886e8bc68b05048b08347cee83463b

COCOAPODS: 1.5.3
